// !$*UTF8*$!
{
	archiveVersion = 1;
	classes = {
	};
	objectVersion = 48;
	objects = {

/* Begin PBXBuildFile section */
		951E854C1FE25A7300D50121 /* AppDelegate.swift in Sources */ = {isa = PBXBuildFile; fileRef = 951E854B1FE25A7300D50121 /* AppDelegate.swift */; };
		951E854E1FE25A7300D50121 /* MainViewController.swift in Sources */ = {isa = PBXBuildFile; fileRef = 951E854D1FE25A7300D50121 /* MainViewController.swift */; };
		951E85511FE25A7300D50121 /* Main.storyboard in Resources */ = {isa = PBXBuildFile; fileRef = 951E854F1FE25A7300D50121 /* Main.storyboard */; };
		951E85531FE25A7300D50121 /* Assets.xcassets in Resources */ = {isa = PBXBuildFile; fileRef = 951E85521FE25A7300D50121 /* Assets.xcassets */; };
		951E85561FE25A7300D50121 /* LaunchScreen.storyboard in Resources */ = {isa = PBXBuildFile; fileRef = 951E85541FE25A7300D50121 /* LaunchScreen.storyboard */; };
		951E85631FE25BCB00D50121 /* PlayerViewController.swift in Sources */ = {isa = PBXBuildFile; fileRef = 951E85621FE25BCB00D50121 /* PlayerViewController.swift */; };
		9561EE9E1FEA41B600059161 /* ListViewController.swift in Sources */ = {isa = PBXBuildFile; fileRef = 9561EE9D1FEA41B600059161 /* ListViewController.swift */; };
		9561EEA01FEA4C0C00059161 /* Radio.swift in Sources */ = {isa = PBXBuildFile; fileRef = 9561EE9F1FEA4C0C00059161 /* Radio.swift */; };
/* End PBXBuildFile section */

/* Begin PBXFileReference section */
		951E85481FE25A7300D50121 /* Radio.app */ = {isa = PBXFileReference; explicitFileType = wrapper.application; includeInIndex = 0; path = Radio.app; sourceTree = BUILT_PRODUCTS_DIR; };
		951E854B1FE25A7300D50121 /* AppDelegate.swift */ = {isa = PBXFileReference; lastKnownFileType = sourcecode.swift; path = AppDelegate.swift; sourceTree = "<group>"; };
		951E854D1FE25A7300D50121 /* MainViewController.swift */ = {isa = PBXFileReference; lastKnownFileType = sourcecode.swift; path = MainViewController.swift; sourceTree = "<group>"; };
		951E85501FE25A7300D50121 /* Base */ = {isa = PBXFileReference; lastKnownFileType = file.storyboard; name = Base; path = Base.lproj/Main.storyboard; sourceTree = "<group>"; };
		951E85521FE25A7300D50121 /* Assets.xcassets */ = {isa = PBXFileReference; lastKnownFileType = folder.assetcatalog; path = Assets.xcassets; sourceTree = "<group>"; };
		951E85551FE25A7300D50121 /* Base */ = {isa = PBXFileReference; lastKnownFileType = file.storyboard; name = Base; path = Base.lproj/LaunchScreen.storyboard; sourceTree = "<group>"; };
		951E85571FE25A7300D50121 /* Info.plist */ = {isa = PBXFileReference; lastKnownFileType = text.plist.xml; path = Info.plist; sourceTree = "<group>"; };
		951E85621FE25BCB00D50121 /* PlayerViewController.swift */ = {isa = PBXFileReference; lastKnownFileType = sourcecode.swift; path = PlayerViewController.swift; sourceTree = "<group>"; };
		9561EE9D1FEA41B600059161 /* ListViewController.swift */ = {isa = PBXFileReference; lastKnownFileType = sourcecode.swift; path = ListViewController.swift; sourceTree = "<group>"; };
		9561EE9F1FEA4C0C00059161 /* Radio.swift */ = {isa = PBXFileReference; lastKnownFileType = sourcecode.swift; path = Radio.swift; sourceTree = "<group>"; };
/* End PBXFileReference section */

/* Begin PBXFrameworksBuildPhase section */
		951E85451FE25A7300D50121 /* Frameworks */ = {
			isa = PBXFrameworksBuildPhase;
			buildActionMask = 2147483647;
			files = (
			);
			runOnlyForDeploymentPostprocessing = 0;
		};
/* End PBXFrameworksBuildPhase section */

/* Begin PBXGroup section */
		951E853F1FE25A7300D50121 = {
			isa = PBXGroup;
			children = (
				951E854A1FE25A7300D50121 /* Radio */,
				951E85491FE25A7300D50121 /* Products */,
			);
			sourceTree = "<group>";
		};
		951E85491FE25A7300D50121 /* Products */ = {
			isa = PBXGroup;
			children = (
				951E85481FE25A7300D50121 /* Radio.app */,
			);
			name = Products;
			sourceTree = "<group>";
		};
		951E854A1FE25A7300D50121 /* Radio */ = {
			isa = PBXGroup;
			children = (
				95ACDA3D1FF206840046BAEE /* App Delegate */,
				95ACDA3F1FF207100046BAEE /* Models */,
				95ACDA3E1FF206F50046BAEE /* View Controllers */,
				95ACDA401FF207380046BAEE /* Storyboards */,
				951E85521FE25A7300D50121 /* Assets.xcassets */,
				951E85571FE25A7300D50121 /* Info.plist */,
			);
			path = Radio;
			sourceTree = "<group>";
		};
		95ACDA3D1FF206840046BAEE /* App Delegate */ = {
			isa = PBXGroup;
			children = (
				951E854B1FE25A7300D50121 /* AppDelegate.swift */,
			);
			path = "App Delegate";
			sourceTree = "<group>";
		};
		95ACDA3E1FF206F50046BAEE /* View Controllers */ = {
			isa = PBXGroup;
			children = (
				951E854D1FE25A7300D50121 /* MainViewController.swift */,
				9561EE9D1FEA41B600059161 /* ListViewController.swift */,
				951E85621FE25BCB00D50121 /* PlayerViewController.swift */,
			);
			path = "View Controllers";
			sourceTree = "<group>";
		};
		95ACDA3F1FF207100046BAEE /* Models */ = {
			isa = PBXGroup;
			children = (
				9561EE9F1FEA4C0C00059161 /* Radio.swift */,
			);
			path = Models;
			sourceTree = "<group>";
		};
		95ACDA401FF207380046BAEE /* Storyboards */ = {
			isa = PBXGroup;
			children = (
				951E854F1FE25A7300D50121 /* Main.storyboard */,
				951E85541FE25A7300D50121 /* LaunchScreen.storyboard */,
			);
			path = Storyboards;
			sourceTree = "<group>";
		};
/* End PBXGroup section */

/* Begin PBXNativeTarget section */
		951E85471FE25A7300D50121 /* Radio */ = {
			isa = PBXNativeTarget;
			buildConfigurationList = 951E855A1FE25A7300D50121 /* Build configuration list for PBXNativeTarget "Radio" */;
			buildPhases = (
				951E85441FE25A7300D50121 /* Sources */,
				951E85451FE25A7300D50121 /* Frameworks */,
				951E85461FE25A7300D50121 /* Resources */,
			);
			buildRules = (
			);
			dependencies = (
			);
			name = Radio;
			productName = Radio;
			productReference = 951E85481FE25A7300D50121 /* Radio.app */;
			productType = "com.apple.product-type.application";
		};
/* End PBXNativeTarget section */

/* Begin PBXProject section */
		951E85401FE25A7300D50121 /* Project object */ = {
			isa = PBXProject;
			attributes = {
				LastSwiftUpdateCheck = 0910;
				LastUpgradeCheck = 0910;
				ORGANIZATIONNAME = "Serge Sinkevych";
				TargetAttributes = {
					951E85471FE25A7300D50121 = {
						CreatedOnToolsVersion = 9.1;
						ProvisioningStyle = Automatic;
					};
				};
			};
			buildConfigurationList = 951E85431FE25A7300D50121 /* Build configuration list for PBXProject "Radio" */;
			compatibilityVersion = "Xcode 8.0";
			developmentRegion = en;
			hasScannedForEncodings = 0;
			knownRegions = (
				en,
				Base,
			);
			mainGroup = 951E853F1FE25A7300D50121;
			productRefGroup = 951E85491FE25A7300D50121 /* Products */;
			projectDirPath = "";
			projectRoot = "";
			targets = (
				951E85471FE25A7300D50121 /* Radio */,
			);
		};
/* End PBXProject section */

/* Begin PBXResourcesBuildPhase section */
		951E85461FE25A7300D50121 /* Resources */ = {
			isa = PBXResourcesBuildPhase;
			buildActionMask = 2147483647;
			files = (
				951E85561FE25A7300D50121 /* LaunchScreen.storyboard in Resources */,
				951E85531FE25A7300D50121 /* Assets.xcassets in Resources */,
				951E85511FE25A7300D50121 /* Main.storyboard in Resources */,
			);
			runOnlyForDeploymentPostprocessing = 0;
		};
/* End PBXResourcesBuildPhase section */

/* Begin PBXSourcesBuildPhase section */
		951E85441FE25A7300D50121 /* Sources */ = {
			isa = PBXSourcesBuildPhase;
			buildActionMask = 2147483647;
			files = (
				9561EEA01FEA4C0C00059161 /* Radio.swift in Sources */,
				951E854E1FE25A7300D50121 /* MainViewController.swift in Sources */,
				951E854C1FE25A7300D50121 /* AppDelegate.swift in Sources */,
				9561EE9E1FEA41B600059161 /* ListViewController.swift in Sources */,
				951E85631FE25BCB00D50121 /* PlayerViewController.swift in Sources */,
			);
			runOnlyForDeploymentPostprocessing = 0;
		};
/* End PBXSourcesBuildPhase section */

/* Begin PBXVariantGroup section */
		951E854F1FE25A7300D50121 /* Main.storyboard */ = {
			isa = PBXVariantGroup;
			children = (
				951E85501FE25A7300D50121 /* Base */,
			);
			name = Main.storyboard;
			sourceTree = "<group>";
		};
		951E85541FE25A7300D50121 /* LaunchScreen.storyboard */ = {
			isa = PBXVariantGroup;
			children = (
				951E85551FE25A7300D50121 /* Base */,
			);
			name = LaunchScreen.storyboard;
			sourceTree = "<group>";
		};
/* End PBXVariantGroup section */

/* Begin XCBuildConfiguration section */
		951E85581FE25A7300D50121 /* Debug */ = {
			isa = XCBuildConfiguration;
			buildSettings = {
				ALWAYS_SEARCH_USER_PATHS = NO;
				CLANG_ANALYZER_NONNULL = YES;
				CLANG_ANALYZER_NUMBER_OBJECT_CONVERSION = YES_AGGRESSIVE;
				CLANG_CXX_LANGUAGE_STANDARD = "gnu++14";
				CLANG_CXX_LIBRARY = "libc++";
				CLANG_ENABLE_MODULES = YES;
				CLANG_ENABLE_OBJC_ARC = YES;
				CLANG_WARN_BLOCK_CAPTURE_AUTORELEASING = YES;
				CLANG_WARN_BOOL_CONVERSION = YES;
				CLANG_WARN_COMMA = YES;
				CLANG_WARN_CONSTANT_CONVERSION = YES;
				CLANG_WARN_DIRECT_OBJC_ISA_USAGE = YES_ERROR;
				CLANG_WARN_DOCUMENTATION_COMMENTS = YES;
				CLANG_WARN_EMPTY_BODY = YES;
				CLANG_WARN_ENUM_CONVERSION = YES;
				CLANG_WARN_INFINITE_RECURSION = YES;
				CLANG_WARN_INT_CONVERSION = YES;
				CLANG_WARN_NON_LITERAL_NULL_CONVERSION = YES;
				CLANG_WARN_OBJC_LITERAL_CONVERSION = YES;
				CLANG_WARN_OBJC_ROOT_CLASS = YES_ERROR;
				CLANG_WARN_RANGE_LOOP_ANALYSIS = YES;
				CLANG_WARN_STRICT_PROTOTYPES = YES;
				CLANG_WARN_SUSPICIOUS_MOVE = YES;
				CLANG_WARN_UNGUARDED_AVAILABILITY = YES_AGGRESSIVE;
				CLANG_WARN_UNREACHABLE_CODE = YES;
				CLANG_WARN__DUPLICATE_METHOD_MATCH = YES;
				CODE_SIGN_IDENTITY = "iPhone Developer";
				COPY_PHASE_STRIP = NO;
				DEBUG_INFORMATION_FORMAT = dwarf;
				ENABLE_STRICT_OBJC_MSGSEND = YES;
				ENABLE_TESTABILITY = YES;
				GCC_C_LANGUAGE_STANDARD = gnu11;
				GCC_DYNAMIC_NO_PIC = NO;
				GCC_NO_COMMON_BLOCKS = YES;
				GCC_OPTIMIZATION_LEVEL = 0;
				GCC_PREPROCESSOR_DEFINITIONS = (
					"DEBUG=1",
					"$(inherited)",
				);
				GCC_WARN_64_TO_32_BIT_CONVERSION = YES;
				GCC_WARN_ABOUT_RETURN_TYPE = YES_ERROR;
				GCC_WARN_UNDECLARED_SELECTOR = YES;
				GCC_WARN_UNINITIALIZED_AUTOS = YES_AGGRESSIVE;
				GCC_WARN_UNUSED_FUNCTION = YES;
				GCC_WARN_UNUSED_VARIABLE = YES;
				IPHONEOS_DEPLOYMENT_TARGET = 11.1;
				MTL_ENABLE_DEBUG_INFO = YES;
				ONLY_ACTIVE_ARCH = YES;
				SDKROOT = iphoneos;
				SWIFT_ACTIVE_COMPILATION_CONDITIONS = DEBUG;
				SWIFT_OPTIMIZATION_LEVEL = "-Onone";
			};
			name = Debug;
		};
		951E85591FE25A7300D50121 /* Release */ = {
			isa = XCBuildConfiguration;
			buildSettings = {
				ALWAYS_SEARCH_USER_PATHS = NO;
				CLANG_ANALYZER_NONNULL = YES;
				CLANG_ANALYZER_NUMBER_OBJECT_CONVERSION = YES_AGGRESSIVE;
				CLANG_CXX_LANGUAGE_STANDARD = "gnu++14";
				CLANG_CXX_LIBRARY = "libc++";
				CLANG_ENABLE_MODULES = YES;
				CLANG_ENABLE_OBJC_ARC = YES;
				CLANG_WARN_BLOCK_CAPTURE_AUTORELEASING = YES;
				CLANG_WARN_BOOL_CONVERSION = YES;
				CLANG_WARN_COMMA = YES;
				CLANG_WARN_CONSTANT_CONVERSION = YES;
				CLANG_WARN_DIRECT_OBJC_ISA_USAGE = YES_ERROR;
				CLANG_WARN_DOCUMENTATION_COMMENTS = YES;
				CLANG_WARN_EMPTY_BODY = YES;
				CLANG_WARN_ENUM_CONVERSION = YES;
				CLANG_WARN_INFINITE_RECURSION = YES;
				CLANG_WARN_INT_CONVERSION = YES;
				CLANG_WARN_NON_LITERAL_NULL_CONVERSION = YES;
				CLANG_WARN_OBJC_LITERAL_CONVERSION = YES;
				CLANG_WARN_OBJC_ROOT_CLASS = YES_ERROR;
				CLANG_WARN_RANGE_LOOP_ANALYSIS = YES;
				CLANG_WARN_STRICT_PROTOTYPES = YES;
				CLANG_WARN_SUSPICIOUS_MOVE = YES;
				CLANG_WARN_UNGUARDED_AVAILABILITY = YES_AGGRESSIVE;
				CLANG_WARN_UNREACHABLE_CODE = YES;
				CLANG_WARN__DUPLICATE_METHOD_MATCH = YES;
				CODE_SIGN_IDENTITY = "iPhone Developer";
				COPY_PHASE_STRIP = NO;
				DEBUG_INFORMATION_FORMAT = "dwarf-with-dsym";
				ENABLE_NS_ASSERTIONS = NO;
				ENABLE_STRICT_OBJC_MSGSEND = YES;
				GCC_C_LANGUAGE_STANDARD = gnu11;
				GCC_NO_COMMON_BLOCKS = YES;
				GCC_WARN_64_TO_32_BIT_CONVERSION = YES;
				GCC_WARN_ABOUT_RETURN_TYPE = YES_ERROR;
				GCC_WARN_UNDECLARED_SELECTOR = YES;
				GCC_WARN_UNINITIALIZED_AUTOS = YES_AGGRESSIVE;
				GCC_WARN_UNUSED_FUNCTION = YES;
				GCC_WARN_UNUSED_VARIABLE = YES;
				IPHONEOS_DEPLOYMENT_TARGET = 11.1;
				MTL_ENABLE_DEBUG_INFO = NO;
				SDKROOT = iphoneos;
				SWIFT_OPTIMIZATION_LEVEL = "-Owholemodule";
				VALIDATE_PRODUCT = YES;
			};
			name = Release;
		};
		951E855B1FE25A7300D50121 /* Debug */ = {
			isa = XCBuildConfiguration;
			buildSettings = {
				ASSETCATALOG_COMPILER_APPICON_NAME = AppIcon;
				CODE_SIGN_STYLE = Automatic;
				DEVELOPMENT_TEAM = 5PWYZ4J78Z;
				INFOPLIST_FILE = Radio/Info.plist;
				IPHONEOS_DEPLOYMENT_TARGET = 11.0;
				LD_RUNPATH_SEARCH_PATHS = "$(inherited) @executable_path/Frameworks";
				PRODUCT_BUNDLE_IDENTIFIER = tokayon.Radio;
				PRODUCT_NAME = "$(TARGET_NAME)";
				SWIFT_VERSION = 4.0;
				TARGETED_DEVICE_FAMILY = "1,2";
			};
			name = Debug;
		};
		951E855C1FE25A7300D50121 /* Release */ = {
			isa = XCBuildConfiguration;
			buildSettings = {
				ASSETCATALOG_COMPILER_APPICON_NAME = AppIcon;
				CODE_SIGN_STYLE = Automatic;
				DEVELOPMENT_TEAM = 5PWYZ4J78Z;
				INFOPLIST_FILE = Radio/Info.plist;
				IPHONEOS_DEPLOYMENT_TARGET = 11.0;
				LD_RUNPATH_SEARCH_PATHS = "$(inherited) @executable_path/Frameworks";
				PRODUCT_BUNDLE_IDENTIFIER = tokayon.Radio;
				PRODUCT_NAME = "$(TARGET_NAME)";
				SWIFT_VERSION = 4.0;
				TARGETED_DEVICE_FAMILY = "1,2";
			};
			name = Release;
		};
/* End XCBuildConfiguration section */

/* Begin XCConfigurationList section */
		951E85431FE25A7300D50121 /* Build configuration list for PBXProject "Radio" */ = {
			isa = XCConfigurationList;
			buildConfigurations = (
				951E85581FE25A7300D50121 /* Debug */,
				951E85591FE25A7300D50121 /* Release */,
			);
			defaultConfigurationIsVisible = 0;
			defaultConfigurationName = Release;
		};
		951E855A1FE25A7300D50121 /* Build configuration list for PBXNativeTarget "Radio" */ = {
			isa = XCConfigurationList;
			buildConfigurations = (
				951E855B1FE25A7300D50121 /* Debug */,
				951E855C1FE25A7300D50121 /* Release */,
			);
			defaultConfigurationIsVisible = 0;
			defaultConfigurationName = Release;
		};
/* End XCConfigurationList section */
	};
	rootObject = 951E85401FE25A7300D50121 /* Project object */;
}
